
Microsoft Visual Studio Solution File, Format Version 12.00
# Visual Studio Version 16
VisualStudioVersion = 16.0.31105.61
MinimumVisualStudioVersion = 10.0.40219.1
Project("{8BC9CEB8-8B4A-11D0-8D11-00A0C91BC942}") = "SetLib", "SetLib\SetLib.vcxproj", "{F62ADFDB-4DC7-4D59-9DFC-B50696F007BC}"
EndProject
Project("{8BC9CEB8-8B4A-11D0-8D11-00A0C91BC942}") = "SetApp", "SetApp\SetApp.vcxproj", "{654B4B22-8E72-4AA8-96CC-2FE29AD17EDC}"
EndProject
Project("{8BC9CEB8-8B4A-11D0-8D11-00A0C91BC942}") = "SetLibTest", "SetLibTest\SetLibTest.vcxproj", "{9CB722A8-255A-4387-87CC-045BBCEAE13B}"
EndProject
Global
	GlobalSection(SolutionConfigurationPlatforms) = preSolution
		Debug|x64 = Debug|x64
		Debug|x86 = Debug|x86
		Release|x64 = Release|x64
		Release|x86 = Release|x86
	EndGlobalSection
	GlobalSection(ProjectConfigurationPlatforms) = postSolution
		{F62ADFDB-4DC7-4D59-9DFC-B50696F007BC}.Debug|x64.ActiveCfg = Debug|x64
		{F62ADFDB-4DC7-4D59-9DFC-B50696F007BC}.Debug|x64.Build.0 = Debug|x64
		{F62ADFDB-4DC7-4D59-9DFC-B50696F007BC}.Debug|x86.ActiveCfg = Debug|Win32
		{F62ADFDB-4DC7-4D59-9DFC-B50696F007BC}.Debug|x86.Build.0 = Debug|Win32
		{F62ADFDB-4DC7-4D59-9DFC-B50696F007BC}.Release|x64.ActiveCfg = Release|x64
		{F62ADFDB-4DC7-4D59-9DFC-B50696F007BC}.Release|x64.Build.0 = Release|x64
		{F62ADFDB-4DC7-4D59-9DFC-B50696F007BC}.Release|x86.ActiveCfg = Release|Win32
		{F62ADFDB-4DC7-4D59-9DFC-B50696F007BC}.Release|x86.Build.0 = Release|Win32
		{654B4B22-8E72-4AA8-96CC-2FE29AD17EDC}.Debug|x64.ActiveCfg = Debug|x64
		{654B4B22-8E72-4AA8-96CC-2FE29AD17EDC}.Debug|x64.Build.0 = Debug|x64
		{654B4B22-8E72-4AA8-96CC-2FE29AD17EDC}.Debug|x86.ActiveCfg = Debug|Win32
		{654B4B22-8E72-4AA8-96CC-2FE29AD17EDC}.Debug|x86.Build.0 = Debug|Win32
		{654B4B22-8E72-4AA8-96CC-2FE29AD17EDC}.Release|x64.ActiveCfg = Release|x64
		{654B4B22-8E72-4AA8-96CC-2FE29AD17EDC}.Release|x64.Build.0 = Release|x64
		{654B4B22-8E72-4AA8-96CC-2FE29AD17EDC}.Release|x86.ActiveCfg = Release|Win32
		{654B4B22-8E72-4AA8-96CC-2FE29AD17EDC}.Release|x86.Build.0 = Release|Win32
		{9CB722A8-255A-4387-87CC-045BBCEAE13B}.Debug|x64.ActiveCfg = Debug|x64
		{9CB722A8-255A-4387-87CC-045BBCEAE13B}.Debug|x64.Build.0 = Debug|x64
		{9CB722A8-255A-4387-87CC-045BBCEAE13B}.Debug|x86.ActiveCfg = Debug|Win32
		{9CB722A8-255A-4387-87CC-045BBCEAE13B}.Debug|x86.Build.0 = Debug|Win32
		{9CB722A8-255A-4387-87CC-045BBCEAE13B}.Release|x64.ActiveCfg = Release|x64
		{9CB722A8-255A-4387-87CC-045BBCEAE13B}.Release|x64.Build.0 = Release|x64
		{9CB722A8-255A-4387-87CC-045BBCEAE13B}.Release|x86.ActiveCfg = Release|Win32
		{9CB722A8-255A-4387-87CC-045BBCEAE13B}.Release|x86.Build.0 = Release|Win32
	EndGlobalSection
	GlobalSection(SolutionProperties) = preSolution
		HideSolutionNode = FALSE
	EndGlobalSection
	GlobalSection(ExtensibilityGlobals) = postSolution
		SolutionGuid = {FD74F37B-47AB-47EC-A8BC-A2CF1E07DDA9}
	EndGlobalSection
EndGlobal
